
Microsoft Visual Studio Solution File, Format Version 12.00
# Visual Studio Version 17
VisualStudioVersion = 17.0.31912.275
MinimumVisualStudioVersion = 10.0.40219.1
Project("{9A19103F-16F7-4668-BE54-9A1E7A4F7556}") = "Exercise_01", "Exercise_01\Exercise_01.csproj", "{DE8C5337-7BFA-4944-B1E9-A87FFD450116}"
EndProject
Project("{9A19103F-16F7-4668-BE54-9A1E7A4F7556}") = "Exercise_02", "Exercise_02\Exercise_02.csproj", "{236C0CE4-535A-4C85-AC4C-BA25B8BFC7B9}"
EndProject
Project("{9A19103F-16F7-4668-BE54-9A1E7A4F7556}") = "Exercise_03", "Exercise_03\Exercise_03.csproj", "{1A8488BE-8676-4CC7-8EC3-B892D9378A89}"
EndProject
Project("{9A19103F-16F7-4668-BE54-9A1E7A4F7556}") = "Exercise_04", "Exercise_04\Exercise_04.csproj", "{6D770AE7-2F31-4C24-A3BC-DA5A61721AD3}"
EndProject
Project("{9A19103F-16F7-4668-BE54-9A1E7A4F7556}") = "Exercise_05", "Exercise_05\Exercise_05.csproj", "{E64C5322-F144-4807-85C0-E4CA3D7B6F02}"
EndProject
Project("{9A19103F-16F7-4668-BE54-9A1E7A4F7556}") = "Exercise_06", "Exercise_06\Exercise_06.csproj", "{D28329E7-53DB-459D-AAF3-5867EE4886F3}"
EndProject
Project("{9A19103F-16F7-4668-BE54-9A1E7A4F7556}") = "Exercise_07", "Exercise_07\Exercise_07.csproj", "{4BB3DDE7-833D-43A4-AEF8-A2BB210CB2BF}"
EndProject
Project("{9A19103F-16F7-4668-BE54-9A1E7A4F7556}") = "Exercise_08", "Exercise_08\Exercise_08.csproj", "{B161774A-F41C-4FC0-A971-67EBE0FD5117}"
EndProject
Project("{9A19103F-16F7-4668-BE54-9A1E7A4F7556}") = "Exercise_09", "Exercise_09\Exercise_09.csproj", "{7E1068E8-0BF4-4F6B-A744-C791D095634B}"
EndProject
Project("{9A19103F-16F7-4668-BE54-9A1E7A4F7556}") = "Exercise_11", "Exercise_11\Exercise_11.csproj", "{1045C4E7-2A62-434E-B920-E7E0F28924EC}"
EndProject
Project("{9A19103F-16F7-4668-BE54-9A1E7A4F7556}") = "Exercise_10", "Exercise_10\Exercise_10.csproj", "{20D023C2-F025-4DEC-9B5F-F2FEAF3BEDB5}"
EndProject
Project("{9A19103F-16F7-4668-BE54-9A1E7A4F7556}") = "Exercise_12", "Exercise_12\Exercise_12.csproj", "{65757D06-28C7-4746-8699-9FAC6573A268}"
EndProject
Project("{FAE04EC0-301F-11D3-BF4B-00C04F79EFBC}") = "Exercise_13", "Exercise_13\Exercise_13.csproj", "{20B56B98-058D-456E-8819-52F9A8FF0F3A}"
EndProject
Global
	GlobalSection(SolutionConfigurationPlatforms) = preSolution
		Debug|Any CPU = Debug|Any CPU
		Release|Any CPU = Release|Any CPU
	EndGlobalSection
	GlobalSection(ProjectConfigurationPlatforms) = postSolution
		{DE8C5337-7BFA-4944-B1E9-A87FFD450116}.Debug|Any CPU.ActiveCfg = Debug|Any CPU
		{DE8C5337-7BFA-4944-B1E9-A87FFD450116}.Debug|Any CPU.Build.0 = Debug|Any CPU
		{DE8C5337-7BFA-4944-B1E9-A87FFD450116}.Release|Any CPU.ActiveCfg = Release|Any CPU
		{DE8C5337-7BFA-4944-B1E9-A87FFD450116}.Release|Any CPU.Build.0 = Release|Any CPU
		{236C0CE4-535A-4C85-AC4C-BA25B8BFC7B9}.Debug|Any CPU.ActiveCfg = Debug|Any CPU
		{236C0CE4-535A-4C85-AC4C-BA25B8BFC7B9}.Debug|Any CPU.Build.0 = Debug|Any CPU
		{236C0CE4-535A-4C85-AC4C-BA25B8BFC7B9}.Release|Any CPU.ActiveCfg = Release|Any CPU
		{236C0CE4-535A-4C85-AC4C-BA25B8BFC7B9}.Release|Any CPU.Build.0 = Release|Any CPU
		{1A8488BE-8676-4CC7-8EC3-B892D9378A89}.Debug|Any CPU.ActiveCfg = Debug|Any CPU
		{1A8488BE-8676-4CC7-8EC3-B892D9378A89}.Debug|Any CPU.Build.0 = Debug|Any CPU
		{1A8488BE-8676-4CC7-8EC3-B892D9378A89}.Release|Any CPU.ActiveCfg = Release|Any CPU
		{1A8488BE-8676-4CC7-8EC3-B892D9378A89}.Release|Any CPU.Build.0 = Release|Any CPU
		{6D770AE7-2F31-4C24-A3BC-DA5A61721AD3}.Debug|Any CPU.ActiveCfg = Debug|Any CPU
		{6D770AE7-2F31-4C24-A3BC-DA5A61721AD3}.Debug|Any CPU.Build.0 = Debug|Any CPU
		{6D770AE7-2F31-4C24-A3BC-DA5A61721AD3}.Release|Any CPU.ActiveCfg = Release|Any CPU
		{6D770AE7-2F31-4C24-A3BC-DA5A61721AD3}.Release|Any CPU.Build.0 = Release|Any CPU
		{E64C5322-F144-4807-85C0-E4CA3D7B6F02}.Debug|Any CPU.ActiveCfg = Debug|Any CPU
		{E64C5322-F144-4807-85C0-E4CA3D7B6F02}.Debug|Any CPU.Build.0 = Debug|Any CPU
		{E64C5322-F144-4807-85C0-E4CA3D7B6F02}.Release|Any CPU.ActiveCfg = Release|Any CPU
		{E64C5322-F144-4807-85C0-E4CA3D7B6F02}.Release|Any CPU.Build.0 = Release|Any CPU
		{D28329E7-53DB-459D-AAF3-5867EE4886F3}.Debug|Any CPU.ActiveCfg = Debug|Any CPU
		{D28329E7-53DB-459D-AAF3-5867EE4886F3}.Debug|Any CPU.Build.0 = Debug|Any CPU
		{D28329E7-53DB-459D-AAF3-5867EE4886F3}.Release|Any CPU.ActiveCfg = Release|Any CPU
		{D28329E7-53DB-459D-AAF3-5867EE4886F3}.Release|Any CPU.Build.0 = Release|Any CPU
		{4BB3DDE7-833D-43A4-AEF8-A2BB210CB2BF}.Debug|Any CPU.ActiveCfg = Debug|Any CPU
		{4BB3DDE7-833D-43A4-AEF8-A2BB210CB2BF}.Debug|Any CPU.Build.0 = Debug|Any CPU
		{4BB3DDE7-833D-43A4-AEF8-A2BB210CB2BF}.Release|Any CPU.ActiveCfg = Release|Any CPU
		{4BB3DDE7-833D-43A4-AEF8-A2BB210CB2BF}.Release|Any CPU.Build.0 = Release|Any CPU
		{B161774A-F41C-4FC0-A971-67EBE0FD5117}.Debug|Any CPU.ActiveCfg = Debug|Any CPU
		{B161774A-F41C-4FC0-A971-67EBE0FD5117}.Debug|Any CPU.Build.0 = Debug|Any CPU
		{B161774A-F41C-4FC0-A971-67EBE0FD5117}.Release|Any CPU.ActiveCfg = Release|Any CPU
		{B161774A-F41C-4FC0-A971-67EBE0FD5117}.Release|Any CPU.Build.0 = Release|Any CPU
		{7E1068E8-0BF4-4F6B-A744-C791D095634B}.Debug|Any CPU.ActiveCfg = Debug|Any CPU
		{7E1068E8-0BF4-4F6B-A744-C791D095634B}.Debug|Any CPU.Build.0 = Debug|Any CPU
		{7E1068E8-0BF4-4F6B-A744-C791D095634B}.Release|Any CPU.ActiveCfg = Release|Any CPU
		{7E1068E8-0BF4-4F6B-A744-C791D095634B}.Release|Any CPU.Build.0 = Release|Any CPU
		{1045C4E7-2A62-434E-B920-E7E0F28924EC}.Debug|Any CPU.ActiveCfg = Debug|Any CPU
		{1045C4E7-2A62-434E-B920-E7E0F28924EC}.Debug|Any CPU.Build.0 = Debug|Any CPU
		{1045C4E7-2A62-434E-B920-E7E0F28924EC}.Release|Any CPU.ActiveCfg = Release|Any CPU
		{1045C4E7-2A62-434E-B920-E7E0F28924EC}.Release|Any CPU.Build.0 = Release|Any CPU
		{20D023C2-F025-4DEC-9B5F-F2FEAF3BEDB5}.Debug|Any CPU.ActiveCfg = Debug|Any CPU
		{20D023C2-F025-4DEC-9B5F-F2FEAF3BEDB5}.Debug|Any CPU.Build.0 = Debug|Any CPU
		{20D023C2-F025-4DEC-9B5F-F2FEAF3BEDB5}.Release|Any CPU.ActiveCfg = Release|Any CPU
		{20D023C2-F025-4DEC-9B5F-F2FEAF3BEDB5}.Release|Any CPU.Build.0 = Release|Any CPU
		{65757D06-28C7-4746-8699-9FAC6573A268}.Debug|Any CPU.ActiveCfg = Debug|Any CPU
		{65757D06-28C7-4746-8699-9FAC6573A268}.Debug|Any CPU.Build.0 = Debug|Any CPU
		{65757D06-28C7-4746-8699-9FAC6573A268}.Release|Any CPU.ActiveCfg = Release|Any CPU
		{65757D06-28C7-4746-8699-9FAC6573A268}.Release|Any CPU.Build.0 = Release|Any CPU
		{20B56B98-058D-456E-8819-52F9A8FF0F3A}.Debug|Any CPU.ActiveCfg = Debug|Any CPU
		{20B56B98-058D-456E-8819-52F9A8FF0F3A}.Debug|Any CPU.Build.0 = Debug|Any CPU
		{20B56B98-058D-456E-8819-52F9A8FF0F3A}.Release|Any CPU.ActiveCfg = Release|Any CPU
		{20B56B98-058D-456E-8819-52F9A8FF0F3A}.Release|Any CPU.Build.0 = Release|Any CPU
	EndGlobalSection
	GlobalSection(SolutionProperties) = preSolution
		HideSolutionNode = FALSE
	EndGlobalSection
	GlobalSection(ExtensibilityGlobals) = postSolution
		SolutionGuid = {69B45BC9-594F-425A-9C94-7C195FF7FD1C}
	EndGlobalSection
EndGlobal
